
Microsoft Visual Studio Solution File, Format Version 12.00
# Visual Studio Version 17
VisualStudioVersion = 17.10.34916.146
MinimumVisualStudioVersion = 10.0.40219.1
Project("{8BC9CEB8-8B4A-11D0-8D11-00A0C91BC942}") = "Table1", "Table1\Table1.vcxproj", "{D6331856-FF8E-405B-BFF4-1AB02BB8D742}"
EndProject
Project("{8BC9CEB8-8B4A-11D0-8D11-00A0C91BC942}") = "Table2", "Table2\Table2.vcxproj", "{C9F63D69-7B1D-4328-A45A-A9C827638347}"
EndProject
Project("{8BC9CEB8-8B4A-11D0-8D11-00A0C91BC942}") = "Io", "Io\Io.vcxproj", "{BDEE33A0-BE45-462A-82DE-BFD9C398954A}"
EndProject
Global
	GlobalSection(SolutionConfigurationPlatforms) = preSolution
		Debug|x64 = Debug|x64
		Debug|x86 = Debug|x86
		Release|x64 = Release|x64
		Release|x86 = Release|x86
	EndGlobalSection
	GlobalSection(ProjectConfigurationPlatforms) = postSolution
		{D6331856-FF8E-405B-BFF4-1AB02BB8D742}.Debug|x64.ActiveCfg = Debug|x64
		{D6331856-FF8E-405B-BFF4-1AB02BB8D742}.Debug|x64.Build.0 = Debug|x64
		{D6331856-FF8E-405B-BFF4-1AB02BB8D742}.Debug|x86.ActiveCfg = Debug|Win32
		{D6331856-FF8E-405B-BFF4-1AB02BB8D742}.Debug|x86.Build.0 = Debug|Win32
		{D6331856-FF8E-405B-BFF4-1AB02BB8D742}.Release|x64.ActiveCfg = Release|x64
		{D6331856-FF8E-405B-BFF4-1AB02BB8D742}.Release|x64.Build.0 = Release|x64
		{D6331856-FF8E-405B-BFF4-1AB02BB8D742}.Release|x86.ActiveCfg = Release|Win32
		{D6331856-FF8E-405B-BFF4-1AB02BB8D742}.Release|x86.Build.0 = Release|Win32
		{C9F63D69-7B1D-4328-A45A-A9C827638347}.Debug|x64.ActiveCfg = Debug|x64
		{C9F63D69-7B1D-4328-A45A-A9C827638347}.Debug|x64.Build.0 = Debug|x64
		{C9F63D69-7B1D-4328-A45A-A9C827638347}.Debug|x86.ActiveCfg = Debug|Win32
		{C9F63D69-7B1D-4328-A45A-A9C827638347}.Debug|x86.Build.0 = Debug|Win32
		{C9F63D69-7B1D-4328-A45A-A9C827638347}.Release|x64.ActiveCfg = Release|x64
		{C9F63D69-7B1D-4328-A45A-A9C827638347}.Release|x64.Build.0 = Release|x64
		{C9F63D69-7B1D-4328-A45A-A9C827638347}.Release|x86.ActiveCfg = Release|Win32
		{C9F63D69-7B1D-4328-A45A-A9C827638347}.Release|x86.Build.0 = Release|Win32
		{BDEE33A0-BE45-462A-82DE-BFD9C398954A}.Debug|x64.ActiveCfg = Debug|x64
		{BDEE33A0-BE45-462A-82DE-BFD9C398954A}.Debug|x64.Build.0 = Debug|x64
		{BDEE33A0-BE45-462A-82DE-BFD9C398954A}.Debug|x86.ActiveCfg = Debug|Win32
		{BDEE33A0-BE45-462A-82DE-BFD9C398954A}.Debug|x86.Build.0 = Debug|Win32
		{BDEE33A0-BE45-462A-82DE-BFD9C398954A}.Release|x64.ActiveCfg = Release|x64
		{BDEE33A0-BE45-462A-82DE-BFD9C398954A}.Release|x64.Build.0 = Release|x64
		{BDEE33A0-BE45-462A-82DE-BFD9C398954A}.Release|x86.ActiveCfg = Release|Win32
		{BDEE33A0-BE45-462A-82DE-BFD9C398954A}.Release|x86.Build.0 = Release|Win32
	EndGlobalSection
	GlobalSection(SolutionProperties) = preSolution
		HideSolutionNode = FALSE
	EndGlobalSection
	GlobalSection(ExtensibilityGlobals) = postSolution
		SolutionGuid = {FDB57989-6C87-4310-AE2B-5DBF6406FB4F}
	EndGlobalSection
EndGlobal
